{
  "originHash" : "dbe822b2d784eb9aaa8ae555a98d9ea9eba76b1f5bd1d972a444597e48c08466",
  "pins" : [
    {
      "identity" : "openapikit",
      "kind" : "remoteSourceControl",
      "location" : "https://github.com/mattpolzin/OpenAPIKit",
      "state" : {
        "revision" : "8e20f7d94e29e971fa38691d3ca698a8833891df",
        "version" : "4.3.0"
      }
    },
    {
      "identity" : "swift-argument-parser",
      "kind" : "remoteSourceControl",
      "location" : "https://github.com/apple/swift-argument-parser",
      "state" : {
        "revision" : "cdd0ef3755280949551dc26dee5de9ddeda89f54",
        "version" : "1.6.2"
      }
    },
    {
      "identity" : "swiftlintbinary",
      "kind" : "remoteSourceControl",
      "location" : "https://github.com/swiftty/SwiftLintBinary.git",
      "state" : {
        "revision" : "db32235c62c5edc166d627e238ebeb547564ff0e",
        "version" : "0.62.1"
      }
    }
  ],
  "version" : 3
}
