{
  "originHash" : "b9831e4d8fb6bfcd678ec8bd92b242c83145ed965508c91efb43d6f5fe9c5406",
  "pins" : [
    {
      "identity" : "openapikit",
      "kind" : "remoteSourceControl",
      "location" : "https://github.com/mattpolzin/OpenAPIKit",
      "state" : {
        "revision" : "b71ac7b811af8a7ef9b3a1cfb20e9cff96f86451",
        "version" : "4.3.1"
      }
    },
    {
      "identity" : "swift-argument-parser",
      "kind" : "remoteSourceControl",
      "location" : "https://github.com/apple/swift-argument-parser",
      "state" : {
        "revision" : "c5d11a805e765f52ba34ec7284bd4fcd6ba68615",
        "version" : "1.7.0"
      }
    },
    {
      "identity" : "swiftlintbinary",
      "kind" : "remoteSourceControl",
      "location" : "https://github.com/swiftty/SwiftLintBinary.git",
      "state" : {
        "revision" : "06515639423fb02e0c382bf706b7d64a2bdd3942",
        "version" : "0.62.2"
      }
    }
  ],
  "version" : 3
}
