{
  "originHash" : "bee8849ced6ab81d1855162f6aa57a280f85df9542f2cad27da2f09a7fac7e17",
  "pins" : [
    {
      "identity" : "openapikit",
      "kind" : "remoteSourceControl",
      "location" : "https://github.com/mattpolzin/OpenAPIKit",
      "state" : {
        "revision" : "a75aa4166d916f1cb4a192e928a18f7b6d3516bc",
        "version" : "3.5.2"
      }
    },
    {
      "identity" : "swift-argument-parser",
      "kind" : "remoteSourceControl",
      "location" : "https://github.com/apple/swift-argument-parser",
      "state" : {
        "revision" : "011f0c765fb46d9cac61bca19be0527e99c98c8b",
        "version" : "1.5.1"
      }
    },
    {
      "identity" : "swiftlintbinary",
      "kind" : "remoteSourceControl",
      "location" : "https://github.com/swiftty/SwiftLintBinary.git",
      "state" : {
        "revision" : "8b142740a38bff41072cebd89cfa0d9058d6ed19",
        "version" : "0.59.1"
      }
    },
    {
      "identity" : "yams",
      "kind" : "remoteSourceControl",
      "location" : "https://github.com/jpsim/Yams.git",
      "state" : {
        "revision" : "db9ff235cf800bc657c3ed0961078fc231d0f28b",
        "version" : "5.2.0"
      }
    }
  ],
  "version" : 3
}
